
Microsoft Visual Studio Solution File, Format Version 12.00
EndProject
Project("{FAE04EC0-301F-11D3-BF4B-00C04F79EFBC}") = "1672. Richest Customer Wealth", "1672. Richest Customer Wealth\1672. Richest Customer Wealth.csproj", "{C46DD45B-B631-45D6-B36C-ACFF90FA0568}"
EndProject
Project("{FAE04EC0-301F-11D3-BF4B-00C04F79EFBC}") = "1480. Running Sum of 1D Array", "1480. Running Sum of 1D Array\1480. Running Sum of 1D Array.csproj", "{61E95700-025B-4D34-BBE6-62C9EA453D61}"
EndProject
Project("{FAE04EC0-301F-11D3-BF4B-00C04F79EFBC}") = "412. Fizz Buzz", "412. Fizz Buzz\412. Fizz Buzz.csproj", "{F4F3C0AB-E588-444F-9344-BC08EA4B45E9}"
EndProject
Project("{FAE04EC0-301F-11D3-BF4B-00C04F79EFBC}") = "287. Find the Duplicate Number", "287. Find the Duplicate Number\287. Find the Duplicate Number.csproj", "{EC2C8846-9011-4ABA-AB77-C744F7037C7B}"
EndProject
Project("{FAE04EC0-301F-11D3-BF4B-00C04F79EFBC}") = "442. Find All Duplicates in an Array", "442. Find All Duplicates in an Array\442. Find All Duplicates in an Array.csproj", "{620A1B37-E50A-4205-B6A9-691A2795B6FE}"
EndProject
Project("{FAE04EC0-301F-11D3-BF4B-00C04F79EFBC}") = "41. First Missing Positive", "41. First Missing Positive\41. First Missing Positive.csproj", "{7EEAB433-54BC-46E8-808C-A851864C6AD4}"
EndProject
Project("{FAE04EC0-301F-11D3-BF4B-00C04F79EFBC}") = "713. Subarray Product Less Than K", "713. Subarray Product Less Than K\713. Subarray Product Less Than K.csproj", "{75B08851-5337-4E9A-AA2C-97524B02E1D6}"
EndProject
Project("{FAE04EC0-301F-11D3-BF4B-00C04F79EFBC}") = "2958. Length of Longest Subarray With at Most K Frequency", "2958. Length of Longest Subarray With at Most K Frequency\2958. Length of Longest Subarray With at Most K Frequency.csproj", "{DF0B5FA1-5C5D-4175-923A-379398A76905}"
EndProject
Project("{FAE04EC0-301F-11D3-BF4B-00C04F79EFBC}") = "2962. Count Subarrays Where Max Element Appears at Least K Times", "2962. Count Subarrays Where Max Element Appears at Least K Times\2962. Count Subarrays Where Max Element Appears at Least K Times.csproj", "{C6A16516-7430-4AA7-B7C4-010A7E067CA2}"
EndProject
Project("{FAE04EC0-301F-11D3-BF4B-00C04F79EFBC}") = "992. Subarrays with K Different Integers", "992. Subarrays with K Different Integers\992. Subarrays with K Different Integers.csproj", "{367EEB4A-F18A-4936-AD8A-4A5CB3CF9752}"
EndProject
Project("{FAE04EC0-301F-11D3-BF4B-00C04F79EFBC}") = "58. Length of Last Word", "58. Length of Last Word\58. Length of Last Word.csproj", "{1B534C89-B245-46E6-8430-6C00347EB5E8}"
EndProject
Project("{FAE04EC0-301F-11D3-BF4B-00C04F79EFBC}") = "1. Two Sum", "1. Two Sum\1. Two Sum.csproj", "{DDF55DFA-1E09-49DF-B6F5-8F0193F30168}"
EndProject
Project("{FAE04EC0-301F-11D3-BF4B-00C04F79EFBC}") = "205. Isomorphic Strings", "205. Isomorphic Strings\205. Isomorphic Strings.csproj", "{BA55DF57-3ED8-47E4-82F1-5F12B4E6E76F}"
EndProject
Project("{FAE04EC0-301F-11D3-BF4B-00C04F79EFBC}") = "1614. Maximum Nesting Depth of the Parentheses", "1614. Maximum Nesting Depth of the Parentheses\1614. Maximum Nesting Depth of the Parentheses.csproj", "{58AA0CFE-C423-43EE-8267-C1BB1FD84689}"
EndProject
Project("{FAE04EC0-301F-11D3-BF4B-00C04F79EFBC}") = "1544. Make The String Great", "1544. Make The String Great\1544. Make The String Great.csproj", "{983D2C65-A3DD-4C05-A223-33A49649079E}"
EndProject
Project("{FAE04EC0-301F-11D3-BF4B-00C04F79EFBC}") = "1249. Minimum Remove to Make Valid Parentheses", "1249. Minimum Remove to Make Valid Parentheses\1249. Minimum Remove to Make Valid Parentheses.csproj", "{07E033D4-94F0-43B4-8111-1FA31D5502A2}"
EndProject
Project("{FAE04EC0-301F-11D3-BF4B-00C04F79EFBC}") = "1700. Number of Students Unable to Eat Lunch", "1700. Number of Students Unable to Eat Lunch\1700. Number of Students Unable to Eat Lunch.csproj", "{64054CF2-66AD-4A7C-B517-185C9885C98E}"
EndProject
Project("{FAE04EC0-301F-11D3-BF4B-00C04F79EFBC}") = "2073. Time Needed to Buy Tickets", "2073. Time Needed to Buy Tickets\2073. Time Needed to Buy Tickets.csproj", "{D7C8E927-54B8-4489-9307-FE560BFB0C07}"
EndProject
Project("{FAE04EC0-301F-11D3-BF4B-00C04F79EFBC}") = "402. Remove K Digits", "402. Remove K Digits\402. Remove K Digits.csproj", "{F93A8B03-47DA-4112-BC3C-0298CD34B4CA}"
EndProject
Global
	GlobalSection(SolutionConfigurationPlatforms) = preSolution
		Debug|Any CPU = Debug|Any CPU
		Release|Any CPU = Release|Any CPU
	EndGlobalSection
	GlobalSection(ProjectConfigurationPlatforms) = postSolution
		{442B9518-91FD-42E4-A870-D40CD004F616}.Debug|Any CPU.ActiveCfg = Debug|Any CPU
		{442B9518-91FD-42E4-A870-D40CD004F616}.Debug|Any CPU.Build.0 = Debug|Any CPU
		{442B9518-91FD-42E4-A870-D40CD004F616}.Release|Any CPU.ActiveCfg = Release|Any CPU
		{442B9518-91FD-42E4-A870-D40CD004F616}.Release|Any CPU.Build.0 = Release|Any CPU
		{C46DD45B-B631-45D6-B36C-ACFF90FA0568}.Debug|Any CPU.ActiveCfg = Debug|Any CPU
		{C46DD45B-B631-45D6-B36C-ACFF90FA0568}.Debug|Any CPU.Build.0 = Debug|Any CPU
		{C46DD45B-B631-45D6-B36C-ACFF90FA0568}.Release|Any CPU.ActiveCfg = Release|Any CPU
		{C46DD45B-B631-45D6-B36C-ACFF90FA0568}.Release|Any CPU.Build.0 = Release|Any CPU
		{61E95700-025B-4D34-BBE6-62C9EA453D61}.Debug|Any CPU.ActiveCfg = Debug|Any CPU
		{61E95700-025B-4D34-BBE6-62C9EA453D61}.Debug|Any CPU.Build.0 = Debug|Any CPU
		{61E95700-025B-4D34-BBE6-62C9EA453D61}.Release|Any CPU.ActiveCfg = Release|Any CPU
		{61E95700-025B-4D34-BBE6-62C9EA453D61}.Release|Any CPU.Build.0 = Release|Any CPU
		{F4F3C0AB-E588-444F-9344-BC08EA4B45E9}.Debug|Any CPU.ActiveCfg = Debug|Any CPU
		{F4F3C0AB-E588-444F-9344-BC08EA4B45E9}.Debug|Any CPU.Build.0 = Debug|Any CPU
		{F4F3C0AB-E588-444F-9344-BC08EA4B45E9}.Release|Any CPU.ActiveCfg = Release|Any CPU
		{F4F3C0AB-E588-444F-9344-BC08EA4B45E9}.Release|Any CPU.Build.0 = Release|Any CPU
		{EC2C8846-9011-4ABA-AB77-C744F7037C7B}.Debug|Any CPU.ActiveCfg = Debug|Any CPU
		{EC2C8846-9011-4ABA-AB77-C744F7037C7B}.Debug|Any CPU.Build.0 = Debug|Any CPU
		{EC2C8846-9011-4ABA-AB77-C744F7037C7B}.Release|Any CPU.ActiveCfg = Release|Any CPU
		{EC2C8846-9011-4ABA-AB77-C744F7037C7B}.Release|Any CPU.Build.0 = Release|Any CPU
		{620A1B37-E50A-4205-B6A9-691A2795B6FE}.Debug|Any CPU.ActiveCfg = Debug|Any CPU
		{620A1B37-E50A-4205-B6A9-691A2795B6FE}.Debug|Any CPU.Build.0 = Debug|Any CPU
		{620A1B37-E50A-4205-B6A9-691A2795B6FE}.Release|Any CPU.ActiveCfg = Release|Any CPU
		{620A1B37-E50A-4205-B6A9-691A2795B6FE}.Release|Any CPU.Build.0 = Release|Any CPU
		{7EEAB433-54BC-46E8-808C-A851864C6AD4}.Debug|Any CPU.ActiveCfg = Debug|Any CPU
		{7EEAB433-54BC-46E8-808C-A851864C6AD4}.Debug|Any CPU.Build.0 = Debug|Any CPU
		{7EEAB433-54BC-46E8-808C-A851864C6AD4}.Release|Any CPU.ActiveCfg = Release|Any CPU
		{7EEAB433-54BC-46E8-808C-A851864C6AD4}.Release|Any CPU.Build.0 = Release|Any CPU
		{75B08851-5337-4E9A-AA2C-97524B02E1D6}.Debug|Any CPU.ActiveCfg = Debug|Any CPU
		{75B08851-5337-4E9A-AA2C-97524B02E1D6}.Debug|Any CPU.Build.0 = Debug|Any CPU
		{75B08851-5337-4E9A-AA2C-97524B02E1D6}.Release|Any CPU.ActiveCfg = Release|Any CPU
		{75B08851-5337-4E9A-AA2C-97524B02E1D6}.Release|Any CPU.Build.0 = Release|Any CPU
		{DF0B5FA1-5C5D-4175-923A-379398A76905}.Debug|Any CPU.ActiveCfg = Debug|Any CPU
		{DF0B5FA1-5C5D-4175-923A-379398A76905}.Debug|Any CPU.Build.0 = Debug|Any CPU
		{DF0B5FA1-5C5D-4175-923A-379398A76905}.Release|Any CPU.ActiveCfg = Release|Any CPU
		{DF0B5FA1-5C5D-4175-923A-379398A76905}.Release|Any CPU.Build.0 = Release|Any CPU
		{C6A16516-7430-4AA7-B7C4-010A7E067CA2}.Debug|Any CPU.ActiveCfg = Debug|Any CPU
		{C6A16516-7430-4AA7-B7C4-010A7E067CA2}.Debug|Any CPU.Build.0 = Debug|Any CPU
		{C6A16516-7430-4AA7-B7C4-010A7E067CA2}.Release|Any CPU.ActiveCfg = Release|Any CPU
		{C6A16516-7430-4AA7-B7C4-010A7E067CA2}.Release|Any CPU.Build.0 = Release|Any CPU
		{367EEB4A-F18A-4936-AD8A-4A5CB3CF9752}.Debug|Any CPU.ActiveCfg = Debug|Any CPU
		{367EEB4A-F18A-4936-AD8A-4A5CB3CF9752}.Debug|Any CPU.Build.0 = Debug|Any CPU
		{367EEB4A-F18A-4936-AD8A-4A5CB3CF9752}.Release|Any CPU.ActiveCfg = Release|Any CPU
		{367EEB4A-F18A-4936-AD8A-4A5CB3CF9752}.Release|Any CPU.Build.0 = Release|Any CPU
		{1B534C89-B245-46E6-8430-6C00347EB5E8}.Debug|Any CPU.ActiveCfg = Debug|Any CPU
		{1B534C89-B245-46E6-8430-6C00347EB5E8}.Debug|Any CPU.Build.0 = Debug|Any CPU
		{1B534C89-B245-46E6-8430-6C00347EB5E8}.Release|Any CPU.ActiveCfg = Release|Any CPU
		{1B534C89-B245-46E6-8430-6C00347EB5E8}.Release|Any CPU.Build.0 = Release|Any CPU
		{DDF55DFA-1E09-49DF-B6F5-8F0193F30168}.Debug|Any CPU.ActiveCfg = Debug|Any CPU
		{DDF55DFA-1E09-49DF-B6F5-8F0193F30168}.Debug|Any CPU.Build.0 = Debug|Any CPU
		{DDF55DFA-1E09-49DF-B6F5-8F0193F30168}.Release|Any CPU.ActiveCfg = Release|Any CPU
		{DDF55DFA-1E09-49DF-B6F5-8F0193F30168}.Release|Any CPU.Build.0 = Release|Any CPU
		{BA55DF57-3ED8-47E4-82F1-5F12B4E6E76F}.Debug|Any CPU.ActiveCfg = Debug|Any CPU
		{BA55DF57-3ED8-47E4-82F1-5F12B4E6E76F}.Debug|Any CPU.Build.0 = Debug|Any CPU
		{BA55DF57-3ED8-47E4-82F1-5F12B4E6E76F}.Release|Any CPU.ActiveCfg = Release|Any CPU
		{BA55DF57-3ED8-47E4-82F1-5F12B4E6E76F}.Release|Any CPU.Build.0 = Release|Any CPU
		{58AA0CFE-C423-43EE-8267-C1BB1FD84689}.Debug|Any CPU.ActiveCfg = Debug|Any CPU
		{58AA0CFE-C423-43EE-8267-C1BB1FD84689}.Debug|Any CPU.Build.0 = Debug|Any CPU
		{58AA0CFE-C423-43EE-8267-C1BB1FD84689}.Release|Any CPU.ActiveCfg = Release|Any CPU
		{58AA0CFE-C423-43EE-8267-C1BB1FD84689}.Release|Any CPU.Build.0 = Release|Any CPU
		{983D2C65-A3DD-4C05-A223-33A49649079E}.Debug|Any CPU.ActiveCfg = Debug|Any CPU
		{983D2C65-A3DD-4C05-A223-33A49649079E}.Debug|Any CPU.Build.0 = Debug|Any CPU
		{983D2C65-A3DD-4C05-A223-33A49649079E}.Release|Any CPU.ActiveCfg = Release|Any CPU
		{983D2C65-A3DD-4C05-A223-33A49649079E}.Release|Any CPU.Build.0 = Release|Any CPU
		{07E033D4-94F0-43B4-8111-1FA31D5502A2}.Debug|Any CPU.ActiveCfg = Debug|Any CPU
		{07E033D4-94F0-43B4-8111-1FA31D5502A2}.Debug|Any CPU.Build.0 = Debug|Any CPU
		{07E033D4-94F0-43B4-8111-1FA31D5502A2}.Release|Any CPU.ActiveCfg = Release|Any CPU
		{07E033D4-94F0-43B4-8111-1FA31D5502A2}.Release|Any CPU.Build.0 = Release|Any CPU
		{64054CF2-66AD-4A7C-B517-185C9885C98E}.Debug|Any CPU.ActiveCfg = Debug|Any CPU
		{64054CF2-66AD-4A7C-B517-185C9885C98E}.Debug|Any CPU.Build.0 = Debug|Any CPU
		{64054CF2-66AD-4A7C-B517-185C9885C98E}.Release|Any CPU.ActiveCfg = Release|Any CPU
		{64054CF2-66AD-4A7C-B517-185C9885C98E}.Release|Any CPU.Build.0 = Release|Any CPU
		{D7C8E927-54B8-4489-9307-FE560BFB0C07}.Debug|Any CPU.ActiveCfg = Debug|Any CPU
		{D7C8E927-54B8-4489-9307-FE560BFB0C07}.Debug|Any CPU.Build.0 = Debug|Any CPU
		{D7C8E927-54B8-4489-9307-FE560BFB0C07}.Release|Any CPU.ActiveCfg = Release|Any CPU
		{D7C8E927-54B8-4489-9307-FE560BFB0C07}.Release|Any CPU.Build.0 = Release|Any CPU
		{F93A8B03-47DA-4112-BC3C-0298CD34B4CA}.Debug|Any CPU.ActiveCfg = Debug|Any CPU
		{F93A8B03-47DA-4112-BC3C-0298CD34B4CA}.Debug|Any CPU.Build.0 = Debug|Any CPU
		{F93A8B03-47DA-4112-BC3C-0298CD34B4CA}.Release|Any CPU.ActiveCfg = Release|Any CPU
		{F93A8B03-47DA-4112-BC3C-0298CD34B4CA}.Release|Any CPU.Build.0 = Release|Any CPU
	EndGlobalSection
EndGlobal
