
Microsoft Visual Studio Solution File, Format Version 12.00
EndProject
Project("{FAE04EC0-301F-11D3-BF4B-00C04F79EFBC}") = "1672. Richest Customer Wealth", "1672. Richest Customer Wealth\1672. Richest Customer Wealth.csproj", "{C46DD45B-B631-45D6-B36C-ACFF90FA0568}"
EndProject
Project("{FAE04EC0-301F-11D3-BF4B-00C04F79EFBC}") = "1480. Running Sum of 1D Array", "1480. Running Sum of 1D Array\1480. Running Sum of 1D Array.csproj", "{61E95700-025B-4D34-BBE6-62C9EA453D61}"
EndProject
Global
	GlobalSection(SolutionConfigurationPlatforms) = preSolution
		Debug|Any CPU = Debug|Any CPU
		Release|Any CPU = Release|Any CPU
	EndGlobalSection
	GlobalSection(ProjectConfigurationPlatforms) = postSolution
		{442B9518-91FD-42E4-A870-D40CD004F616}.Debug|Any CPU.ActiveCfg = Debug|Any CPU
		{442B9518-91FD-42E4-A870-D40CD004F616}.Debug|Any CPU.Build.0 = Debug|Any CPU
		{442B9518-91FD-42E4-A870-D40CD004F616}.Release|Any CPU.ActiveCfg = Release|Any CPU
		{442B9518-91FD-42E4-A870-D40CD004F616}.Release|Any CPU.Build.0 = Release|Any CPU
		{C46DD45B-B631-45D6-B36C-ACFF90FA0568}.Debug|Any CPU.ActiveCfg = Debug|Any CPU
		{C46DD45B-B631-45D6-B36C-ACFF90FA0568}.Debug|Any CPU.Build.0 = Debug|Any CPU
		{C46DD45B-B631-45D6-B36C-ACFF90FA0568}.Release|Any CPU.ActiveCfg = Release|Any CPU
		{C46DD45B-B631-45D6-B36C-ACFF90FA0568}.Release|Any CPU.Build.0 = Release|Any CPU
		{61E95700-025B-4D34-BBE6-62C9EA453D61}.Debug|Any CPU.ActiveCfg = Debug|Any CPU
		{61E95700-025B-4D34-BBE6-62C9EA453D61}.Debug|Any CPU.Build.0 = Debug|Any CPU
		{61E95700-025B-4D34-BBE6-62C9EA453D61}.Release|Any CPU.ActiveCfg = Release|Any CPU
		{61E95700-025B-4D34-BBE6-62C9EA453D61}.Release|Any CPU.Build.0 = Release|Any CPU
	EndGlobalSection
EndGlobal
